// !$*UTF8*$!
{
	archiveVersion = 1;
	classes = {
	};
	objectVersion = 46;
	objects = {

/* Begin PBXBuildFile section */
		BB466FE0165093D600AC38C6 /* UIKit.framework in Frameworks */ = {isa = PBXBuildFile; fileRef = BB466FDF165093D600AC38C6 /* UIKit.framework */; };
		BB466FE2165093D600AC38C6 /* Foundation.framework in Frameworks */ = {isa = PBXBuildFile; fileRef = BB466FE1165093D600AC38C6 /* Foundation.framework */; };
		BB466FE4165093D600AC38C6 /* CoreGraphics.framework in Frameworks */ = {isa = PBXBuildFile; fileRef = BB466FE3165093D600AC38C6 /* CoreGraphics.framework */; };
		BB466FEA165093D600AC38C6 /* InfoPlist.strings in Resources */ = {isa = PBXBuildFile; fileRef = BB466FE8165093D600AC38C6 /* InfoPlist.strings */; };
		BB466FEC165093D600AC38C6 /* main.m in Sources */ = {isa = PBXBuildFile; fileRef = BB466FEB165093D600AC38C6 /* main.m */; };
		BB466FF0165093D600AC38C6 /* AppDelegate.m in Sources */ = {isa = PBXBuildFile; fileRef = BB466FEF165093D600AC38C6 /* AppDelegate.m */; };
		BB466FF2165093D600AC38C6 /* Default.png in Resources */ = {isa = PBXBuildFile; fileRef = BB466FF1165093D600AC38C6 /* Default.png */; };
		BB466FF4165093D600AC38C6 /* Default@2x.png in Resources */ = {isa = PBXBuildFile; fileRef = BB466FF3165093D600AC38C6 /* Default@2x.png */; };
		BB466FF6165093D600AC38C6 /* Default-568h@2x.png in Resources */ = {isa = PBXBuildFile; fileRef = BB466FF5165093D600AC38C6 /* Default-568h@2x.png */; };
		BB466FF9165093D600AC38C6 /* MainStoryboard_iPhone.storyboard in Resources */ = {isa = PBXBuildFile; fileRef = BB466FF7165093D600AC38C6 /* MainStoryboard_iPhone.storyboard */; };
		BB466FFC165093D600AC38C6 /* MainStoryboard_iPad.storyboard in Resources */ = {isa = PBXBuildFile; fileRef = BB466FFA165093D600AC38C6 /* MainStoryboard_iPad.storyboard */; };
		BB466FFF165093D600AC38C6 /* ViewController.m in Sources */ = {isa = PBXBuildFile; fileRef = BB466FFE165093D600AC38C6 /* ViewController.m */; };
		BB467007165093D600AC38C6 /* SenTestingKit.framework in Frameworks */ = {isa = PBXBuildFile; fileRef = BB467006165093D600AC38C6 /* SenTestingKit.framework */; };
		BB467008165093D600AC38C6 /* UIKit.framework in Frameworks */ = {isa = PBXBuildFile; fileRef = BB466FDF165093D600AC38C6 /* UIKit.framework */; };
		BB467009165093D600AC38C6 /* Foundation.framework in Frameworks */ = {isa = PBXBuildFile; fileRef = BB466FE1165093D600AC38C6 /* Foundation.framework */; };
		BB467011165093D600AC38C6 /* InfoPlist.strings in Resources */ = {isa = PBXBuildFile; fileRef = BB46700F165093D600AC38C6 /* InfoPlist.strings */; };
		BB467014165093D600AC38C6 /* vehicle_inspectorTests.m in Sources */ = {isa = PBXBuildFile; fileRef = BB467013165093D600AC38C6 /* vehicle_inspectorTests.m */; };
		BB46701E1650947A00AC38C6 /* appIcon57x57.png in Resources */ = {isa = PBXBuildFile; fileRef = BB46701D1650947A00AC38C6 /* appIcon57x57.png */; };
		BB4670201650951F00AC38C6 /* appIcon114x114.png in Resources */ = {isa = PBXBuildFile; fileRef = BB46701F1650951F00AC38C6 /* appIcon114x114.png */; };
		BB4670221650970300AC38C6 /* appIcon72x72.png in Resources */ = {isa = PBXBuildFile; fileRef = BB4670211650970300AC38C6 /* appIcon72x72.png */; };
		BB4670241650980400AC38C6 /* appIcon144x144.png in Resources */ = {isa = PBXBuildFile; fileRef = BB4670231650980400AC38C6 /* appIcon144x144.png */; };
/* End PBXBuildFile section */

/* Begin PBXContainerItemProxy section */
		BB46700A165093D600AC38C6 /* PBXContainerItemProxy */ = {
			isa = PBXContainerItemProxy;
			containerPortal = BB466FD2165093D600AC38C6 /* Project object */;
			proxyType = 1;
			remoteGlobalIDString = BB466FDA165093D600AC38C6;
			remoteInfo = "vehicle inspector";
		};
/* End PBXContainerItemProxy section */

/* Begin PBXFileReference section */
		BB466FDB165093D600AC38C6 /* vehicle inspector.app */ = {isa = PBXFileReference; explicitFileType = wrapper.application; includeInIndex = 0; path = "vehicle inspector.app"; sourceTree = BUILT_PRODUCTS_DIR; };
		BB466FDF165093D600AC38C6 /* UIKit.framework */ = {isa = PBXFileReference; lastKnownFileType = wrapper.framework; name = UIKit.framework; path = System/Library/Frameworks/UIKit.framework; sourceTree = SDKROOT; };
		BB466FE1165093D600AC38C6 /* Foundation.framework */ = {isa = PBXFileReference; lastKnownFileType = wrapper.framework; name = Foundation.framework; path = System/Library/Frameworks/Foundation.framework; sourceTree = SDKROOT; };
		BB466FE3165093D600AC38C6 /* CoreGraphics.framework */ = {isa = PBXFileReference; lastKnownFileType = wrapper.framework; name = CoreGraphics.framework; path = System/Library/Frameworks/CoreGraphics.framework; sourceTree = SDKROOT; };
		BB466FE7165093D600AC38C6 /* vehicle inspector-Info.plist */ = {isa = PBXFileReference; lastKnownFileType = text.plist.xml; path = "vehicle inspector-Info.plist"; sourceTree = "<group>"; };
		BB466FE9165093D600AC38C6 /* en */ = {isa = PBXFileReference; lastKnownFileType = text.plist.strings; name = en; path = en.lproj/InfoPlist.strings; sourceTree = "<group>"; };
		BB466FEB165093D600AC38C6 /* main.m */ = {isa = PBXFileReference; lastKnownFileType = sourcecode.c.objc; path = main.m; sourceTree = "<group>"; };
		BB466FED165093D600AC38C6 /* vehicle inspector-Prefix.pch */ = {isa = PBXFileReference; lastKnownFileType = sourcecode.c.h; path = "vehicle inspector-Prefix.pch"; sourceTree = "<group>"; };
		BB466FEE165093D600AC38C6 /* AppDelegate.h */ = {isa = PBXFileReference; lastKnownFileType = sourcecode.c.h; path = AppDelegate.h; sourceTree = "<group>"; };
		BB466FEF165093D600AC38C6 /* AppDelegate.m */ = {isa = PBXFileReference; lastKnownFileType = sourcecode.c.objc; path = AppDelegate.m; sourceTree = "<group>"; };
		BB466FF1165093D600AC38C6 /* Default.png */ = {isa = PBXFileReference; lastKnownFileType = image.png; path = Default.png; sourceTree = "<group>"; };
		BB466FF3165093D600AC38C6 /* Default@2x.png */ = {isa = PBXFileReference; lastKnownFileType = image.png; path = "Default@2x.png"; sourceTree = "<group>"; };
		BB466FF5165093D600AC38C6 /* Default-568h@2x.png */ = {isa = PBXFileReference; lastKnownFileType = image.png; path = "Default-568h@2x.png"; sourceTree = "<group>"; };
		BB466FF8165093D600AC38C6 /* en */ = {isa = PBXFileReference; lastKnownFileType = file.storyboard; name = en; path = en.lproj/MainStoryboard_iPhone.storyboard; sourceTree = "<group>"; };
		BB466FFB165093D600AC38C6 /* en */ = {isa = PBXFileReference; lastKnownFileType = file.storyboard; name = en; path = en.lproj/MainStoryboard_iPad.storyboard; sourceTree = "<group>"; };
		BB466FFD165093D600AC38C6 /* ViewController.h */ = {isa = PBXFileReference; lastKnownFileType = sourcecode.c.h; path = ViewController.h; sourceTree = "<group>"; };
		BB466FFE165093D600AC38C6 /* ViewController.m */ = {isa = PBXFileReference; lastKnownFileType = sourcecode.c.objc; path = ViewController.m; sourceTree = "<group>"; };
		BB467005165093D600AC38C6 /* vehicle inspectorTests.octest */ = {isa = PBXFileReference; explicitFileType = wrapper.cfbundle; includeInIndex = 0; path = "vehicle inspectorTests.octest"; sourceTree = BUILT_PRODUCTS_DIR; };
		BB467006165093D600AC38C6 /* SenTestingKit.framework */ = {isa = PBXFileReference; lastKnownFileType = wrapper.framework; name = SenTestingKit.framework; path = Library/Frameworks/SenTestingKit.framework; sourceTree = DEVELOPER_DIR; };
		BB46700E165093D600AC38C6 /* vehicle inspectorTests-Info.plist */ = {isa = PBXFileReference; lastKnownFileType = text.plist.xml; path = "vehicle inspectorTests-Info.plist"; sourceTree = "<group>"; };
		BB467010165093D600AC38C6 /* en */ = {isa = PBXFileReference; lastKnownFileType = text.plist.strings; name = en; path = en.lproj/InfoPlist.strings; sourceTree = "<group>"; };
		BB467012165093D600AC38C6 /* vehicle_inspectorTests.h */ = {isa = PBXFileReference; lastKnownFileType = sourcecode.c.h; path = vehicle_inspectorTests.h; sourceTree = "<group>"; };
		BB467013165093D600AC38C6 /* vehicle_inspectorTests.m */ = {isa = PBXFileReference; lastKnownFileType = sourcecode.c.objc; path = vehicle_inspectorTests.m; sourceTree = "<group>"; };
		BB46701D1650947A00AC38C6 /* appIcon57x57.png */ = {isa = PBXFileReference; lastKnownFileType = image.png; path = appIcon57x57.png; sourceTree = "<group>"; };
		BB46701F1650951F00AC38C6 /* appIcon114x114.png */ = {isa = PBXFileReference; lastKnownFileType = image.png; path = appIcon114x114.png; sourceTree = "<group>"; };
		BB4670211650970300AC38C6 /* appIcon72x72.png */ = {isa = PBXFileReference; lastKnownFileType = image.png; path = appIcon72x72.png; sourceTree = "<group>"; };
		BB4670231650980400AC38C6 /* appIcon144x144.png */ = {isa = PBXFileReference; lastKnownFileType = image.png; path = appIcon144x144.png; sourceTree = "<group>"; };
/* End PBXFileReference section */

/* Begin PBXFrameworksBuildPhase section */
		BB466FD8165093D600AC38C6 /* Frameworks */ = {
			isa = PBXFrameworksBuildPhase;
			buildActionMask = 2147483647;
			files = (
				BB466FE0165093D600AC38C6 /* UIKit.framework in Frameworks */,
				BB466FE2165093D600AC38C6 /* Foundation.framework in Frameworks */,
				BB466FE4165093D600AC38C6 /* CoreGraphics.framework in Frameworks */,
			);
			runOnlyForDeploymentPostprocessing = 0;
		};
		BB467001165093D600AC38C6 /* Frameworks */ = {
			isa = PBXFrameworksBuildPhase;
			buildActionMask = 2147483647;
			files = (
				BB467007165093D600AC38C6 /* SenTestingKit.framework in Frameworks */,
				BB467008165093D600AC38C6 /* UIKit.framework in Frameworks */,
				BB467009165093D600AC38C6 /* Foundation.framework in Frameworks */,
			);
			runOnlyForDeploymentPostprocessing = 0;
		};
/* End PBXFrameworksBuildPhase section */

/* Begin PBXGroup section */
		BB466FD0165093D600AC38C6 = {
			isa = PBXGroup;
			children = (
				BB4670231650980400AC38C6 /* appIcon144x144.png */,
				BB4670211650970300AC38C6 /* appIcon72x72.png */,
				BB46701F1650951F00AC38C6 /* appIcon114x114.png */,
				BB46701D1650947A00AC38C6 /* appIcon57x57.png */,
				BB466FE5165093D600AC38C6 /* vehicle inspector */,
				BB46700C165093D600AC38C6 /* vehicle inspectorTests */,
				BB466FDE165093D600AC38C6 /* Frameworks */,
				BB466FDC165093D600AC38C6 /* Products */,
			);
			sourceTree = "<group>";
		};
		BB466FDC165093D600AC38C6 /* Products */ = {
			isa = PBXGroup;
			children = (
				BB466FDB165093D600AC38C6 /* vehicle inspector.app */,
				BB467005165093D600AC38C6 /* vehicle inspectorTests.octest */,
			);
			name = Products;
			sourceTree = "<group>";
		};
		BB466FDE165093D600AC38C6 /* Frameworks */ = {
			isa = PBXGroup;
			children = (
				BB466FDF165093D600AC38C6 /* UIKit.framework */,
				BB466FE1165093D600AC38C6 /* Foundation.framework */,
				BB466FE3165093D600AC38C6 /* CoreGraphics.framework */,
				BB467006165093D600AC38C6 /* SenTestingKit.framework */,
			);
			name = Frameworks;
			sourceTree = "<group>";
		};
		BB466FE5165093D600AC38C6 /* vehicle inspector */ = {
			isa = PBXGroup;
			children = (
				BB466FEE165093D600AC38C6 /* AppDelegate.h */,
				BB466FEF165093D600AC38C6 /* AppDelegate.m */,
				BB466FF7165093D600AC38C6 /* MainStoryboard_iPhone.storyboard */,
				BB466FFA165093D600AC38C6 /* MainStoryboard_iPad.storyboard */,
				BB466FFD165093D600AC38C6 /* ViewController.h */,
				BB466FFE165093D600AC38C6 /* ViewController.m */,
				BB466FE6165093D600AC38C6 /* Supporting Files */,
			);
			path = "vehicle inspector";
			sourceTree = "<group>";
		};
		BB466FE6165093D600AC38C6 /* Supporting Files */ = {
			isa = PBXGroup;
			children = (
				BB466FE7165093D600AC38C6 /* vehicle inspector-Info.plist */,
				BB466FE8165093D600AC38C6 /* InfoPlist.strings */,
				BB466FEB165093D600AC38C6 /* main.m */,
				BB466FED165093D600AC38C6 /* vehicle inspector-Prefix.pch */,
				BB466FF1165093D600AC38C6 /* Default.png */,
				BB466FF3165093D600AC38C6 /* Default@2x.png */,
				BB466FF5165093D600AC38C6 /* Default-568h@2x.png */,
			);
			name = "Supporting Files";
			sourceTree = "<group>";
		};
		BB46700C165093D600AC38C6 /* vehicle inspectorTests */ = {
			isa = PBXGroup;
			children = (
				BB467012165093D600AC38C6 /* vehicle_inspectorTests.h */,
				BB467013165093D600AC38C6 /* vehicle_inspectorTests.m */,
				BB46700D165093D600AC38C6 /* Supporting Files */,
			);
			path = "vehicle inspectorTests";
			sourceTree = "<group>";
		};
		BB46700D165093D600AC38C6 /* Supporting Files */ = {
			isa = PBXGroup;
			children = (
				BB46700E165093D600AC38C6 /* vehicle inspectorTests-Info.plist */,
				BB46700F165093D600AC38C6 /* InfoPlist.strings */,
			);
			name = "Supporting Files";
			sourceTree = "<group>";
		};
/* End PBXGroup section */

/* Begin PBXNativeTarget section */
		BB466FDA165093D600AC38C6 /* vehicle inspector */ = {
			isa = PBXNativeTarget;
			buildConfigurationList = BB467017165093D600AC38C6 /* Build configuration list for PBXNativeTarget "vehicle inspector" */;
			buildPhases = (
				BB466FD7165093D600AC38C6 /* Sources */,
				BB466FD8165093D600AC38C6 /* Frameworks */,
				BB466FD9165093D600AC38C6 /* Resources */,
			);
			buildRules = (
			);
			dependencies = (
			);
			name = "vehicle inspector";
			productName = "vehicle inspector";
			productReference = BB466FDB165093D600AC38C6 /* vehicle inspector.app */;
			productType = "com.apple.product-type.application";
		};
		BB467004165093D600AC38C6 /* vehicle inspectorTests */ = {
			isa = PBXNativeTarget;
			buildConfigurationList = BB46701A165093D600AC38C6 /* Build configuration list for PBXNativeTarget "vehicle inspectorTests" */;
			buildPhases = (
				BB467000165093D600AC38C6 /* Sources */,
				BB467001165093D600AC38C6 /* Frameworks */,
				BB467002165093D600AC38C6 /* Resources */,
				BB467003165093D600AC38C6 /* ShellScript */,
			);
			buildRules = (
			);
			dependencies = (
				BB46700B165093D600AC38C6 /* PBXTargetDependency */,
			);
			name = "vehicle inspectorTests";
			productName = "vehicle inspectorTests";
			productReference = BB467005165093D600AC38C6 /* vehicle inspectorTests.octest */;
			productType = "com.apple.product-type.bundle";
		};
/* End PBXNativeTarget section */

/* Begin PBXProject section */
		BB466FD2165093D600AC38C6 /* Project object */ = {
			isa = PBXProject;
			attributes = {
				LastUpgradeCheck = 0450;
				ORGANIZATIONNAME = "Smith, Irene S. (ARC-TI)[Stinger Ghaffarian Technologies Inc. (SGT Inc.)]";
			};
			buildConfigurationList = BB466FD5165093D600AC38C6 /* Build configuration list for PBXProject "vehicle inspector" */;
			compatibilityVersion = "Xcode 3.2";
			developmentRegion = English;
			hasScannedForEncodings = 0;
			knownRegions = (
				en,
			);
			mainGroup = BB466FD0165093D600AC38C6;
			productRefGroup = BB466FDC165093D600AC38C6 /* Products */;
			projectDirPath = "";
			projectRoot = "";
			targets = (
				BB466FDA165093D600AC38C6 /* vehicle inspector */,
				BB467004165093D600AC38C6 /* vehicle inspectorTests */,
			);
		};
/* End PBXProject section */

/* Begin PBXResourcesBuildPhase section */
		BB466FD9165093D600AC38C6 /* Resources */ = {
			isa = PBXResourcesBuildPhase;
			buildActionMask = 2147483647;
			files = (
				BB466FEA165093D600AC38C6 /* InfoPlist.strings in Resources */,
				BB466FF2165093D600AC38C6 /* Default.png in Resources */,
				BB466FF4165093D600AC38C6 /* Default@2x.png in Resources */,
				BB466FF6165093D600AC38C6 /* Default-568h@2x.png in Resources */,
				BB466FF9165093D600AC38C6 /* MainStoryboard_iPhone.storyboard in Resources */,
				BB466FFC165093D600AC38C6 /* MainStoryboard_iPad.storyboard in Resources */,
				BB46701E1650947A00AC38C6 /* appIcon57x57.png in Resources */,
				BB4670201650951F00AC38C6 /* appIcon114x114.png in Resources */,
				BB4670221650970300AC38C6 /* appIcon72x72.png in Resources */,
				BB4670241650980400AC38C6 /* appIcon144x144.png in Resources */,
			);
			runOnlyForDeploymentPostprocessing = 0;
		};
		BB467002165093D600AC38C6 /* Resources */ = {
			isa = PBXResourcesBuildPhase;
			buildActionMask = 2147483647;
			files = (
				BB467011165093D600AC38C6 /* InfoPlist.strings in Resources */,
			);
			runOnlyForDeploymentPostprocessing = 0;
		};
/* End PBXResourcesBuildPhase section */

/* Begin PBXShellScriptBuildPhase section */
		BB467003165093D600AC38C6 /* ShellScript */ = {
			isa = PBXShellScriptBuildPhase;
			buildActionMask = 2147483647;
			files = (
			);
			inputPaths = (
			);
			outputPaths = (
			);
			runOnlyForDeploymentPostprocessing = 0;
			shellPath = /bin/sh;
			shellScript = "# Run the unit tests in this test bundle.\n\"${SYSTEM_DEVELOPER_DIR}/Tools/RunUnitTests\"\n";
		};
/* End PBXShellScriptBuildPhase section */

/* Begin PBXSourcesBuildPhase section */
		BB466FD7165093D600AC38C6 /* Sources */ = {
			isa = PBXSourcesBuildPhase;
			buildActionMask = 2147483647;
			files = (
				BB466FEC165093D600AC38C6 /* main.m in Sources */,
				BB466FF0165093D600AC38C6 /* AppDelegate.m in Sources */,
				BB466FFF165093D600AC38C6 /* ViewController.m in Sources */,
			);
			runOnlyForDeploymentPostprocessing = 0;
		};
		BB467000165093D600AC38C6 /* Sources */ = {
			isa = PBXSourcesBuildPhase;
			buildActionMask = 2147483647;
			files = (
				BB467014165093D600AC38C6 /* vehicle_inspectorTests.m in Sources */,
			);
			runOnlyForDeploymentPostprocessing = 0;
		};
/* End PBXSourcesBuildPhase section */

/* Begin PBXTargetDependency section */
		BB46700B165093D600AC38C6 /* PBXTargetDependency */ = {
			isa = PBXTargetDependency;
			target = BB466FDA165093D600AC38C6 /* vehicle inspector */;
			targetProxy = BB46700A165093D600AC38C6 /* PBXContainerItemProxy */;
		};
/* End PBXTargetDependency section */

/* Begin PBXVariantGroup section */
		BB466FE8165093D600AC38C6 /* InfoPlist.strings */ = {
			isa = PBXVariantGroup;
			children = (
				BB466FE9165093D600AC38C6 /* en */,
			);
			name = InfoPlist.strings;
			sourceTree = "<group>";
		};
		BB466FF7165093D600AC38C6 /* MainStoryboard_iPhone.storyboard */ = {
			isa = PBXVariantGroup;
			children = (
				BB466FF8165093D600AC38C6 /* en */,
			);
			name = MainStoryboard_iPhone.storyboard;
			sourceTree = "<group>";
		};
		BB466FFA165093D600AC38C6 /* MainStoryboard_iPad.storyboard */ = {
			isa = PBXVariantGroup;
			children = (
				BB466FFB165093D600AC38C6 /* en */,
			);
			name = MainStoryboard_iPad.storyboard;
			sourceTree = "<group>";
		};
		BB46700F165093D600AC38C6 /* InfoPlist.strings */ = {
			isa = PBXVariantGroup;
			children = (
				BB467010165093D600AC38C6 /* en */,
			);
			name = InfoPlist.strings;
			sourceTree = "<group>";
		};
/* End PBXVariantGroup section */

/* Begin XCBuildConfiguration section */
		BB467015165093D600AC38C6 /* Debug */ = {
			isa = XCBuildConfiguration;
			buildSettings = {
				ALWAYS_SEARCH_USER_PATHS = NO;
				CLANG_CXX_LANGUAGE_STANDARD = "gnu++0x";
				CLANG_CXX_LIBRARY = "libc++";
				CLANG_ENABLE_OBJC_ARC = YES;
				CLANG_WARN_EMPTY_BODY = YES;
				CLANG_WARN__DUPLICATE_METHOD_MATCH = YES;
				"CODE_SIGN_IDENTITY[sdk=iphoneos*]" = "iPhone Developer";
				COPY_PHASE_STRIP = NO;
				GCC_C_LANGUAGE_STANDARD = gnu99;
				GCC_DYNAMIC_NO_PIC = NO;
				GCC_OPTIMIZATION_LEVEL = 0;
				GCC_PREPROCESSOR_DEFINITIONS = (
					"DEBUG=1",
					"$(inherited)",
				);
				GCC_SYMBOLS_PRIVATE_EXTERN = NO;
				GCC_WARN_ABOUT_RETURN_TYPE = YES;
				GCC_WARN_UNINITIALIZED_AUTOS = YES;
				GCC_WARN_UNUSED_VARIABLE = YES;
				IPHONEOS_DEPLOYMENT_TARGET = 6.0;
				ONLY_ACTIVE_ARCH = YES;
				SDKROOT = iphoneos;
				TARGETED_DEVICE_FAMILY = "1,2";
			};
			name = Debug;
		};
		BB467016165093D600AC38C6 /* Release */ = {
			isa = XCBuildConfiguration;
			buildSettings = {
				ALWAYS_SEARCH_USER_PATHS = NO;
				CLANG_CXX_LANGUAGE_STANDARD = "gnu++0x";
				CLANG_CXX_LIBRARY = "libc++";
				CLANG_ENABLE_OBJC_ARC = YES;
				CLANG_WARN_EMPTY_BODY = YES;
				CLANG_WARN__DUPLICATE_METHOD_MATCH = YES;
				"CODE_SIGN_IDENTITY[sdk=iphoneos*]" = "iPhone Developer";
				COPY_PHASE_STRIP = YES;
				GCC_C_LANGUAGE_STANDARD = gnu99;
				GCC_WARN_ABOUT_RETURN_TYPE = YES;
				GCC_WARN_UNINITIALIZED_AUTOS = YES;
				GCC_WARN_UNUSED_VARIABLE = YES;
				IPHONEOS_DEPLOYMENT_TARGET = 6.0;
				OTHER_CFLAGS = "-DNS_BLOCK_ASSERTIONS=1";
				SDKROOT = iphoneos;
				TARGETED_DEVICE_FAMILY = "1,2";
				VALIDATE_PRODUCT = YES;
			};
			name = Release;
		};
		BB467018165093D600AC38C6 /* Debug */ = {
			isa = XCBuildConfiguration;
			buildSettings = {
				GCC_PRECOMPILE_PREFIX_HEADER = YES;
				GCC_PREFIX_HEADER = "vehicle inspector/vehicle inspector-Prefix.pch";
				INFOPLIST_FILE = "vehicle inspector/vehicle inspector-Info.plist";
				PRODUCT_NAME = "$(TARGET_NAME)";
				WRAPPER_EXTENSION = app;
			};
			name = Debug;
		};
		BB467019165093D600AC38C6 /* Release */ = {
			isa = XCBuildConfiguration;
			buildSettings = {
				GCC_PRECOMPILE_PREFIX_HEADER = YES;
				GCC_PREFIX_HEADER = "vehicle inspector/vehicle inspector-Prefix.pch";
				INFOPLIST_FILE = "vehicle inspector/vehicle inspector-Info.plist";
				PRODUCT_NAME = "$(TARGET_NAME)";
				WRAPPER_EXTENSION = app;
			};
			name = Release;
		};
		BB46701B165093D600AC38C6 /* Debug */ = {
			isa = XCBuildConfiguration;
			buildSettings = {
				BUNDLE_LOADER = "$(BUILT_PRODUCTS_DIR)/vehicle inspector.app/vehicle inspector";
				FRAMEWORK_SEARCH_PATHS = (
					"\"$(SDKROOT)/Developer/Library/Frameworks\"",
					"\"$(DEVELOPER_LIBRARY_DIR)/Frameworks\"",
				);
				GCC_PRECOMPILE_PREFIX_HEADER = YES;
				GCC_PREFIX_HEADER = "vehicle inspector/vehicle inspector-Prefix.pch";
				INFOPLIST_FILE = "vehicle inspectorTests/vehicle inspectorTests-Info.plist";
				PRODUCT_NAME = "$(TARGET_NAME)";
				TEST_HOST = "$(BUNDLE_LOADER)";
				WRAPPER_EXTENSION = octest;
			};
			name = Debug;
		};
		BB46701C165093D600AC38C6 /* Release */ = {
			isa = XCBuildConfiguration;
			buildSettings = {
				BUNDLE_LOADER = "$(BUILT_PRODUCTS_DIR)/vehicle inspector.app/vehicle inspector";
				FRAMEWORK_SEARCH_PATHS = (
					"\"$(SDKROOT)/Developer/Library/Frameworks\"",
					"\"$(DEVELOPER_LIBRARY_DIR)/Frameworks\"",
				);
				GCC_PRECOMPILE_PREFIX_HEADER = YES;
				GCC_PREFIX_HEADER = "vehicle inspector/vehicle inspector-Prefix.pch";
				INFOPLIST_FILE = "vehicle inspectorTests/vehicle inspectorTests-Info.plist";
				PRODUCT_NAME = "$(TARGET_NAME)";
				TEST_HOST = "$(BUNDLE_LOADER)";
				WRAPPER_EXTENSION = octest;
			};
			name = Release;
		};
/* End XCBuildConfiguration section */

/* Begin XCConfigurationList section */
		BB466FD5165093D600AC38C6 /* Build configuration list for PBXProject "vehicle inspector" */ = {
			isa = XCConfigurationList;
			buildConfigurations = (
				BB467015165093D600AC38C6 /* Debug */,
				BB467016165093D600AC38C6 /* Release */,
			);
			defaultConfigurationIsVisible = 0;
			defaultConfigurationName = Release;
		};
		BB467017165093D600AC38C6 /* Build configuration list for PBXNativeTarget "vehicle inspector" */ = {
			isa = XCConfigurationList;
			buildConfigurations = (
				BB467018165093D600AC38C6 /* Debug */,
				BB467019165093D600AC38C6 /* Release */,
			);
			defaultConfigurationIsVisible = 0;
		};
		BB46701A165093D600AC38C6 /* Build configuration list for PBXNativeTarget "vehicle inspectorTests" */ = {
			isa = XCConfigurationList;
			buildConfigurations = (
				BB46701B165093D600AC38C6 /* Debug */,
				BB46701C165093D600AC38C6 /* Release */,
			);
			defaultConfigurationIsVisible = 0;
		};
/* End XCConfigurationList section */
	};
	rootObject = BB466FD2165093D600AC38C6 /* Project object */;
}
